# This file is automatically @generated by Poetry 2.4.1 and should not be changed by hand.

[[package]]
name = "atomicwrites"
version = "1.4.1"
description = "Atomic file writes."
optional = false
python-versions = ">=2.7, !=3.0.*, !=3.1.*, !=3.2.*, !=3.3.*"
groups = ["dev"]
markers = "sys_platform == \"win32\""
files = [
    {file = "atomicwrites-1.4.1.tar.gz", hash = "sha256:81b2c9071a49367a7f770170e5eec8cb66567cfbbc8c73d20ce5ca4a8d71cf11"},
]

[[package]]
name = "attrs"
version = "22.2.0"
description = "Classes Without Boilerplate"
optional = false
python-versions = ">=3.6"
groups = ["main", "dev"]
files = [
    {file = "attrs-22.2.0-py3-none-any.whl", hash = "sha256:29e95c7f6778868dbd49170f98f8818f78f3dc5e0e37c0b1f474e3561b240836"},
    {file = "attrs-22.2.0.tar.gz", hash = "sha256:c9227bfc2f01993c03f68db37d1d15c9690188323c067c641f1a35ca58185f99"},
]

[package.extras]
cov = ["attrs[tests]", "coverage-enable-subprocess", "coverage[toml] (>=5.3)"]
dev = ["attrs[docs,tests]"]
docs = ["furo", "myst-parser", "sphinx", "sphinx-notfound-page", "sphinxcontrib-towncrier", "towncrier", "zope.interface"]
tests = ["attrs[tests-no-zope]", "zope.interface"]
tests-no-zope = ["cloudpickle ; platform_python_implementation == \"CPython\"", "cloudpickle ; platform_python_implementation == \"CPython\"", "hypothesis", "hypothesis", "mypy (>=0.971,<0.990) ; platform_python_implementation == \"CPython\"", "mypy (>=0.971,<0.990) ; platform_python_implementation == \"CPython\"", "pympler", "pympler", "pytest (>=4.3.0)", "pytest (>=4.3.0)", "pytest-mypy-plugins ; platform_python_implementation == \"CPython\" and python_version < \"3.11\"", "pytest-mypy-plugins ; platform_python_implementation == \"CPython\" and python_version < \"3.11\"", "pytest-xdist[psutil]", "pytest-xdist[psutil]"]

[[package]]
name = "colorama"
version = "0.4.5"
description = "Cross-platform colored terminal text."
optional = false
python-versions = ">=2.7, !=3.0.*, !=3.1.*, !=3.2.*, !=3.3.*, !=3.4.*"
groups = ["dev"]
markers = "sys_platform == \"win32\""
files = [
    {file = "colorama-0.4.5-py2.py3-none-any.whl", hash = "sha256:854bf444933e37f5824ae7bfc1e98d5bce2ebe4160d46b5edf346a89358e99da"},
    {file = "colorama-0.4.5.tar.gz", hash = "sha256:e6c6b4334fc50988a639d9b98aa429a0b57da6e17b9a44f0451f930b6967b7a4"},
]

[[package]]
name = "deprecation"
version = "2.1.0"
description = "A library to handle automated deprecations"
optional = false
python-versions = "*"
groups = ["dev"]
files = [
    {file = "deprecation-2.1.0-py2.py3-none-any.whl", hash = "sha256:a10811591210e1fb0e768a8c25517cabeabcba6f0bf96564f8ff45189f90b14a"},
    {file = "deprecation-2.1.0.tar.gz", hash = "sha256:72b3bde64e5d778694b0cf68178aed03d15e15477116add3fb773e581f9518ff"},
]

[package.dependencies]
packaging = "*"

[[package]]
name = "execnet"
version = "1.9.0"
description = "execnet: rapid multi-Python deployment"
optional = false
python-versions = ">=2.7, !=3.0.*, !=3.1.*, !=3.2.*, !=3.3.*, !=3.4.*"
groups = ["dev"]
files = [
    {file = "execnet-1.9.0-py2.py3-none-any.whl", hash = "sha256:a295f7cc774947aac58dde7fdc85f4aa00c42adf5d8f5468fc630c1acf30a142"},
    {file = "execnet-1.9.0.tar.gz", hash = "sha256:8f694f3ba9cc92cab508b152dcfe322153975c29bda272e2fd7f3f00f36e47c5"},
]

[package.extras]
testing = ["pre-commit"]

[[package]]
name = "filelock"
version = "3.4.1"
description = "A platform independent file lock."
optional = false
python-versions = ">=3.6"
groups = ["dev"]
files = [
    {file = "filelock-3.4.1-py3-none-any.whl", hash = "sha256:a4bc51381e01502a30e9f06dd4fa19a1712eab852b6fb0f84fd7cce0793d8ca3"},
    {file = "filelock-3.4.1.tar.gz", hash = "sha256:0f12f552b42b5bf60dba233710bf71337d35494fc8bdd4fd6d9f6d082ad45e06"},
]

[package.extras]
docs = ["furo (>=2021.8.17b43)", "sphinx (>=4.1)", "sphinx-autodoc-typehints (>=1.12)"]
testing = ["covdefaults (>=1.2.0)", "coverage (>=4)", "pytest (>=4)", "pytest-cov", "pytest-timeout (>=1.4.2)"]

[[package]]
name = "iniconfig"
version = "1.1.1"
description = "iniconfig: brain-dead simple config-ini parsing"
optional = false
python-versions = "*"
groups = ["dev"]
files = [
    {file = "iniconfig-1.1.1-py2.py3-none-any.whl", hash = "sha256:011e24c64b7f47f6ebd835bb12a743f2fbe9a26d4cecaa7f53bc4f35ee9da8b3"},
    {file = "iniconfig-1.1.1.tar.gz", hash = "sha256:bc3af051d7d14b2ee5ef9969666def0cd1a000e121eaea580d4a313df4b37f32"},
]

[[package]]
name = "jsonschema"
version = "4.26.0"
description = "An implementation of JSON Schema validation for Python"
optional = false
python-versions = ">=3.10"
groups = ["main"]
files = [
    {file = "jsonschema-4.26.0-py3-none-any.whl", hash = "sha256:d489f15263b8d200f8387e64b4c3a75f06629559fb73deb8fdfb525f2dab50ce"},
    {file = "jsonschema-4.26.0.tar.gz", hash = "sha256:0c26707e2efad8aa1bfc5b7ce170f3fccc2e4918ff85989ba9ffa9facb2be326"},
]

[package.dependencies]
attrs = ">=22.2.0"
jsonschema-specifications = ">=2023.3.6"
referencing = ">=0.28.4"
rpds-py = ">=0.25.0"

[package.extras]
format = ["fqdn", "idna", "isoduration", "jsonpointer (>1.13)", "rfc3339-validator", "rfc3987", "uri-template", "webcolors (>=1.11)"]
format-nongpl = ["fqdn", "idna", "isoduration", "jsonpointer (>1.13)", "rfc3339-validator", "rfc3986-validator (>0.1.0)", "rfc3987-syntax (>=1.1.0)", "uri-template", "webcolors (>=24.6.0)"]

[[package]]
name = "jsonschema-specifications"
version = "2025.9.1"
description = "The JSON Schema meta-schemas and vocabularies, exposed as a Registry"
optional = false
python-versions = ">=3.9"
groups = ["main"]
files = [
    {file = "jsonschema_specifications-2025.9.1-py3-none-any.whl", hash = "sha256:98802fee3a11ee76ecaca44429fda8a41bff98b00a0f2838151b113f210cc6fe"},
    {file = "jsonschema_specifications-2025.9.1.tar.gz", hash = "sha256:b540987f239e745613c7a9176f3edb72b832a4ac465cf02712288397832b5e8d"},
]

[package.dependencies]
referencing = ">=0.31.0"

[[package]]
name = "packaging"
version = "21.3"
description = "Core utilities for Python packages"
optional = false
python-versions = ">=3.6"
groups = ["dev"]
files = [
    {file = "packaging-21.3-py3-none-any.whl", hash = "sha256:ef103e05f519cdc783ae24ea4e2e0f508a9c99b2d4969652eed6a2e1ea5bd522"},
    {file = "packaging-21.3.tar.gz", hash = "sha256:dd47c42927d89ab911e606518907cc2d3a1f38bbd026385970643f9c5b8ecfeb"},
]

[package.dependencies]
pyparsing = ">=2.0.2,<3.0.5 || >3.0.5"

[[package]]
name = "pluggy"
version = "1.0.0"
description = "plugin and hook calling mechanisms for python"
optional = false
python-versions = ">=3.6"
groups = ["dev"]
files = [
    {file = "pluggy-1.0.0-py2.py3-none-any.whl", hash = "sha256:74134bbf457f031a36d68416e1509f34bd5ccc019f0bcc952c7b909d06b37bd3"},
    {file = "pluggy-1.0.0.tar.gz", hash = "sha256:4224373bacce55f955a878bf9cfa763c1e360858e330072059e10bad68531159"},
]

[package.extras]
dev = ["pre-commit", "tox"]
testing = ["pytest", "pytest-benchmark"]

[[package]]
name = "py"
version = "1.11.0"
description = "library with cross-python path, ini-parsing, io, code, log facilities"
optional = false
python-versions = ">=2.7, !=3.0.*, !=3.1.*, !=3.2.*, !=3.3.*, !=3.4.*"
groups = ["dev"]
files = [
    {file = "py-1.11.0-py2.py3-none-any.whl", hash = "sha256:607c53218732647dff4acdfcd50cb62615cedf612e72d1724fb1a0cc6405b378"},
    {file = "py-1.11.0.tar.gz", hash = "sha256:51c75c4126074b472f746a24399ad32f6053d1b34b68d2fa41e558e6f4a98719"},
]

[[package]]
name = "pyparsing"
version = "3.0.7"
description = "Python parsing module"
optional = false
python-versions = ">=3.6"
groups = ["dev"]
files = [
    {file = "pyparsing-3.0.7-py3-none-any.whl", hash = "sha256:a6c06a88f252e6c322f65faf8f418b16213b51bdfaece0524c1c1bc30c63c484"},
    {file = "pyparsing-3.0.7.tar.gz", hash = "sha256:18ee9022775d270c55187733956460083db60b37d0d0fb357445f3094eed3eea"},
]

[package.extras]
diagrams = ["jinja2", "railroad-diagrams"]

[[package]]
name = "pytest"
version = "7.0.1"
description = "pytest: simple powerful testing with Python"
optional = false
python-versions = ">=3.6"
groups = ["dev"]
files = [
    {file = "pytest-7.0.1-py3-none-any.whl", hash = "sha256:9ce3ff477af913ecf6321fe337b93a2c0dcf2a0a1439c43f5452112c1e4280db"},
    {file = "pytest-7.0.1.tar.gz", hash = "sha256:e30905a0c131d3d94b89624a1cc5afec3e0ba2fbdb151867d8e0ebd49850f171"},
]

[package.dependencies]
atomicwrites = {version = ">=1.0", markers = "sys_platform == \"win32\""}
attrs = ">=19.2.0"
colorama = {version = "*", markers = "sys_platform == \"win32\""}
iniconfig = "*"
packaging = "*"
pluggy = ">=0.12,<2.0"
py = ">=1.8.2"
tomli = ">=1.0.0"

[package.extras]
testing = ["argcomplete", "hypothesis (>=3.56)", "mock", "nose", "pygments (>=2.7.2)", "requests", "xmlschema"]

[[package]]
name = "pytest-container"
version = "0.4.2"
description = "Pytest fixtures for writing container based tests"
optional = false
python-versions = ">=3.6.2,<4.0"
groups = ["dev"]
files = []
develop = false

[package.dependencies]
deprecation = "^2.1"
filelock = "^3.4"
pytest = ">= 3.10"
pytest-testinfra = {version = ">=8.0", markers = "python_version >= \"3.8\""}

[package.source]
type = "git"
url = "https://github.com/dcermak/pytest_container.git"
reference = "main"
resolved_reference = "54738a5098f4db43da54fd7102b58761167f8aad"

[[package]]
name = "pytest-testinfra"
version = "8.1.0"
description = "Test infrastructures"
optional = false
python-versions = ">=3.8"
groups = ["dev"]
files = [
    {file = "pytest-testinfra-8.1.0.tar.gz", hash = "sha256:9b40828b58fb7ac2bff29cc1465934adf434f10dd5a108f60535dee52660a63d"},
    {file = "pytest_testinfra-8.1.0-py3-none-any.whl", hash = "sha256:bf7df6306244da6a832f977766e75408317315aa1452c41c30e2541ef7978007"},
]

[package.dependencies]
pytest = "!=3.0.2"

[package.extras]
ansible = ["ansible"]
paramiko = ["paramiko"]
salt = ["salt"]
winrm = ["pywinrm"]

[[package]]
name = "pytest-xdist"
version = "3.0.2"
description = "pytest xdist plugin for distributed testing and loop-on-failing modes"
optional = false
python-versions = ">=3.6"
groups = ["dev"]
files = [
    {file = "pytest-xdist-3.0.2.tar.gz", hash = "sha256:688da9b814370e891ba5de650c9327d1a9d861721a524eb917e620eec3e90291"},
    {file = "pytest_xdist-3.0.2-py3-none-any.whl", hash = "sha256:9feb9a18e1790696ea23e1434fa73b325ed4998b0e9fcb221f16fd1945e6df1b"},
]

[package.dependencies]
execnet = ">=1.1"
pytest = ">=6.2.0"

[package.extras]
psutil = ["psutil (>=3.0)"]
setproctitle = ["setproctitle"]
testing = ["filelock"]

[[package]]
name = "pyyaml"
version = "6.0.1"
description = "YAML parser and emitter for Python"
optional = false
python-versions = ">=3.6"
groups = ["main"]
files = [
    {file = "PyYAML-6.0.1-cp310-cp310-macosx_10_9_x86_64.whl", hash = "sha256:d858aa552c999bc8a8d57426ed01e40bef403cd8ccdd0fc5f6f04a00414cac2a"},
    {file = "PyYAML-6.0.1-cp310-cp310-macosx_11_0_arm64.whl", hash = "sha256:fd66fc5d0da6d9815ba2cebeb4205f95818ff4b79c3ebe268e75d961704af52f"},
    {file = "PyYAML-6.0.1-cp310-cp310-manylinux_2_17_aarch64.manylinux2014_aarch64.whl", hash = "sha256:69b023b2b4daa7548bcfbd4aa3da05b3a74b772db9e23b982788168117739938"},
    {file = "PyYAML-6.0.1-cp310-cp310-manylinux_2_17_s390x.manylinux2014_s390x.whl", hash = "sha256:81e0b275a9ecc9c0c0c07b4b90ba548307583c125f54d5b6946cfee6360c733d"},
    {file = "PyYAML-6.0.1-cp310-cp310-manylinux_2_17_x86_64.manylinux2014_x86_64.whl", hash = "sha256:ba336e390cd8e4d1739f42dfe9bb83a3cc2e80f567d8805e11b46f4a943f5515"},
    {file = "PyYAML-6.0.1-cp310-cp310-musllinux_1_1_x86_64.whl", hash = "sha256:326c013efe8048858a6d312ddd31d56e468118ad4cdeda36c719bf5bb6192290"},
    {file = "PyYAML-6.0.1-cp310-cp310-win32.whl", hash = "sha256:bd4af7373a854424dabd882decdc5579653d7868b8fb26dc7d0e99f823aa5924"},
    {file = "PyYAML-6.0.1-cp310-cp310-win_amd64.whl", hash = "sha256:fd1592b3fdf65fff2ad0004b5e363300ef59ced41c2e6b3a99d4089fa8c5435d"},
    {file = "PyYAML-6.0.1-cp311-cp311-macosx_10_9_x86_64.whl", hash = "sha256:6965a7bc3cf88e5a1c3bd2e0b5c22f8d677dc88a455344035f03399034eb3007"},
    {file = "PyYAML-6.0.1-cp311-cp311-macosx_11_0_arm64.whl", hash = "sha256:f003ed9ad21d6a4713f0a9b5a7a0a79e08dd0f221aff4525a2be4c346ee60aab"},
    {file = "PyYAML-6.0.1-cp311-cp311-manylinux_2_17_aarch64.manylinux2014_aarch64.whl", hash = "sha256:42f8152b8dbc4fe7d96729ec2b99c7097d656dc1213a3229ca5383f973a5ed6d"},
    {file = "PyYAML-6.0.1-cp311-cp311-manylinux_2_17_s390x.manylinux2014_s390x.whl", hash = "sha256:062582fca9fabdd2c8b54a3ef1c978d786e0f6b3a1510e0ac93ef59e0ddae2bc"},
    {file = "PyYAML-6.0.1-cp311-cp311-manylinux_2_17_x86_64.manylinux2014_x86_64.whl", hash = "sha256:d2b04aac4d386b172d5b9692e2d2da8de7bfb6c387fa4f801fbf6fb2e6ba4673"},
    {file = "PyYAML-6.0.1-cp311-cp311-musllinux_1_1_x86_64.whl", hash = "sha256:e7d73685e87afe9f3b36c799222440d6cf362062f78be1013661b00c5c6f678b"},
    {file = "PyYAML-6.0.1-cp311-cp311-win32.whl", hash = "sha256:1635fd110e8d85d55237ab316b5b011de701ea0f29d07611174a1b42f1444741"},
    {file = "PyYAML-6.0.1-cp311-cp311-win_amd64.whl", hash = "sha256:bf07ee2fef7014951eeb99f56f39c9bb4af143d8aa3c21b1677805985307da34"},
    {file = "PyYAML-6.0.1-cp312-cp312-macosx_10_9_x86_64.whl", hash = "sha256:855fb52b0dc35af121542a76b9a84f8d1cd886ea97c84703eaa6d88e37a2ad28"},
    {file = "PyYAML-6.0.1-cp312-cp312-macosx_11_0_arm64.whl", hash = "sha256:40df9b996c2b73138957fe23a16a4f0ba614f4c0efce1e9406a184b6d07fa3a9"},
    {file = "PyYAML-6.0.1-cp312-cp312-manylinux_2_17_aarch64.manylinux2014_aarch64.whl", hash = "sha256:a08c6f0fe150303c1c6b71ebcd7213c2858041a7e01975da3a99aed1e7a378ef"},
    {file = "PyYAML-6.0.1-cp312-cp312-manylinux_2_17_x86_64.manylinux2014_x86_64.whl", hash = "sha256:6c22bec3fbe2524cde73d7ada88f6566758a8f7227bfbf93a408a9d86bcc12a0"},
    {file = "PyYAML-6.0.1-cp312-cp312-musllinux_1_1_x86_64.whl", hash = "sha256:8d4e9c88387b0f5c7d5f281e55304de64cf7f9c0021a3525bd3b1c542da3b0e4"},
    {file = "PyYAML-6.0.1-cp312-cp312-win32.whl", hash = "sha256:d483d2cdf104e7c9fa60c544d92981f12ad66a457afae824d146093b8c294c54"},
    {file = "PyYAML-6.0.1-cp312-cp312-win_amd64.whl", hash = "sha256:0d3304d8c0adc42be59c5f8a4d9e3d7379e6955ad754aa9d6ab7a398b59dd1df"},
    {file = "PyYAML-6.0.1-cp36-cp36m-macosx_10_9_x86_64.whl", hash = "sha256:50550eb667afee136e9a77d6dc71ae76a44df8b3e51e41b77f6de2932bfe0f47"},
    {file = "PyYAML-6.0.1-cp36-cp36m-manylinux_2_17_aarch64.manylinux2014_aarch64.whl", hash = "sha256:1fe35611261b29bd1de0070f0b2f47cb6ff71fa6595c077e42bd0c419fa27b98"},
    {file = "PyYAML-6.0.1-cp36-cp36m-manylinux_2_17_s390x.manylinux2014_s390x.whl", hash = "sha256:704219a11b772aea0d8ecd7058d0082713c3562b4e271b849ad7dc4a5c90c13c"},
    {file = "PyYAML-6.0.1-cp36-cp36m-manylinux_2_17_x86_64.manylinux2014_x86_64.whl", hash = "sha256:afd7e57eddb1a54f0f1a974bc4391af8bcce0b444685d936840f125cf046d5bd"},
    {file = "PyYAML-6.0.1-cp36-cp36m-win32.whl", hash = "sha256:fca0e3a251908a499833aa292323f32437106001d436eca0e6e7833256674585"},
    {file = "PyYAML-6.0.1-cp36-cp36m-win_amd64.whl", hash = "sha256:f22ac1c3cac4dbc50079e965eba2c1058622631e526bd9afd45fedd49ba781fa"},
    {file = "PyYAML-6.0.1-cp37-cp37m-macosx_10_9_x86_64.whl", hash = "sha256:b1275ad35a5d18c62a7220633c913e1b42d44b46ee12554e5fd39c70a243d6a3"},
    {file = "PyYAML-6.0.1-cp37-cp37m-manylinux_2_17_aarch64.manylinux2014_aarch64.whl", hash = "sha256:18aeb1bf9a78867dc38b259769503436b7c72f7a1f1f4c93ff9a17de54319b27"},
    {file = "PyYAML-6.0.1-cp37-cp37m-manylinux_2_17_s390x.manylinux2014_s390x.whl", hash = "sha256:596106435fa6ad000c2991a98fa58eeb8656ef2325d7e158344fb33864ed87e3"},
    {file = "PyYAML-6.0.1-cp37-cp37m-manylinux_2_17_x86_64.manylinux2014_x86_64.whl", hash = "sha256:baa90d3f661d43131ca170712d903e6295d1f7a0f595074f151c0aed377c9b9c"},
    {file = "PyYAML-6.0.1-cp37-cp37m-win32.whl", hash = "sha256:9046c58c4395dff28dd494285c82ba00b546adfc7ef001486fbf0324bc174fba"},
    {file = "PyYAML-6.0.1-cp37-cp37m-win_amd64.whl", hash = "sha256:4fb147e7a67ef577a588a0e2c17b6db51dda102c71de36f8549b6816a96e1867"},
    {file = "PyYAML-6.0.1-cp38-cp38-macosx_10_9_x86_64.whl", hash = "sha256:1d4c7e777c441b20e32f52bd377e0c409713e8bb1386e1099c2415f26e479595"},
    {file = "PyYAML-6.0.1-cp38-cp38-manylinux_2_17_aarch64.manylinux2014_aarch64.whl", hash = "sha256:a0cd17c15d3bb3fa06978b4e8958dcdc6e0174ccea823003a106c7d4d7899ac5"},
    {file = "PyYAML-6.0.1-cp38-cp38-manylinux_2_17_s390x.manylinux2014_s390x.whl", hash = "sha256:28c119d996beec18c05208a8bd78cbe4007878c6dd15091efb73a30e90539696"},
    {file = "PyYAML-6.0.1-cp38-cp38-manylinux_2_17_x86_64.manylinux2014_x86_64.whl", hash = "sha256:7e07cbde391ba96ab58e532ff4803f79c4129397514e1413a7dc761ccd755735"},
    {file = "PyYAML-6.0.1-cp38-cp38-musllinux_1_1_x86_64.whl", hash = "sha256:49a183be227561de579b4a36efbb21b3eab9651dd81b1858589f796549873dd6"},
    {file = "PyYAML-6.0.1-cp38-cp38-win32.whl", hash = "sha256:184c5108a2aca3c5b3d3bf9395d50893a7ab82a38004c8f61c258d4428e80206"},
    {file = "PyYAML-6.0.1-cp38-cp38-win_amd64.whl", hash = "sha256:1e2722cc9fbb45d9b87631ac70924c11d3a401b2d7f410cc0e3bbf249f2dca62"},
    {file = "PyYAML-6.0.1-cp39-cp39-macosx_10_9_x86_64.whl", hash = "sha256:9eb6caa9a297fc2c2fb8862bc5370d0303ddba53ba97e71f08023b6cd73d16a8"},
    {file = "PyYAML-6.0.1-cp39-cp39-macosx_11_0_arm64.whl", hash = "sha256:c8098ddcc2a85b61647b2590f825f3db38891662cfc2fc776415143f599bb859"},
    {file = "PyYAML-6.0.1-cp39-cp39-manylinux_2_17_aarch64.manylinux2014_aarch64.whl", hash = "sha256:5773183b6446b2c99bb77e77595dd486303b4faab2b086e7b17bc6bef28865f6"},
    {file = "PyYAML-6.0.1-cp39-cp39-manylinux_2_17_s390x.manylinux2014_s390x.whl", hash = "sha256:b786eecbdf8499b9ca1d697215862083bd6d2a99965554781d0d8d1ad31e13a0"},
    {file = "PyYAML-6.0.1-cp39-cp39-manylinux_2_17_x86_64.manylinux2014_x86_64.whl", hash = "sha256:bc1bf2925a1ecd43da378f4db9e4f799775d6367bdb94671027b73b393a7c42c"},
    {file = "PyYAML-6.0.1-cp39-cp39-musllinux_1_1_x86_64.whl", hash = "sha256:04ac92ad1925b2cff1db0cfebffb6ffc43457495c9b3c39d3fcae417d7125dc5"},
    {file = "PyYAML-6.0.1-cp39-cp39-win32.whl", hash = "sha256:faca3bdcf85b2fc05d06ff3fbc1f83e1391b3e724afa3feba7d13eeab355484c"},
    {file = "PyYAML-6.0.1-cp39-cp39-win_amd64.whl", hash = "sha256:510c9deebc5c0225e8c96813043e62b680ba2f9c50a08d3724c7f28a747d1486"},
    {file = "PyYAML-6.0.1.tar.gz", hash = "sha256:bfdf460b1736c775f2ba9f6a92bca30bc2095067b8a9d77876d1fad6cc3b4a43"},
]

[[package]]
name = "referencing"
version = "0.37.0"
description = "JSON Referencing + Python"
optional = false
python-versions = ">=3.10"
groups = ["main"]
files = [
    {file = "referencing-0.37.0-py3-none-any.whl", hash = "sha256:381329a9f99628c9069361716891d34ad94af76e461dcb0335825aecc7692231"},
    {file = "referencing-0.37.0.tar.gz", hash = "sha256:44aefc3142c5b842538163acb373e24cce6632bd54bdb01b21ad5863489f50d8"},
]

[package.dependencies]
attrs = ">=22.2.0"
rpds-py = ">=0.7.0"
typing-extensions = {version = ">=4.4.0", markers = "python_version < \"3.13\""}

[[package]]
name = "rpds-py"
version = "2026.6.3"
description = "Python bindings to Rust's persistent data structures (rpds)"
optional = false
python-versions = ">=3.11"
groups = ["main"]
files = [
    {file = "rpds_py-2026.6.3-cp311-cp311-macosx_10_12_x86_64.whl", hash = "sha256:7b689145a1485c335569bd056464f3243a29af7ed3871c7be31ad624ba239bc7"},
    {file = "rpds_py-2026.6.3-cp311-cp311-macosx_11_0_arm64.whl", hash = "sha256:db08f45aecde626498fb3df07bcf6d2ec040af42e859a4f5040d79c200342911"},
    {file = "rpds_py-2026.6.3-cp311-cp311-manylinux_2_17_aarch64.manylinux2014_aarch64.whl", hash = "sha256:acc992ab27b15f852c76755eb2ab7dce86585ddadba6fa5946e58556088845b4"},
    {file = "rpds_py-2026.6.3-cp311-cp311-manylinux_2_17_armv7l.manylinux2014_armv7l.whl", hash = "sha256:7f88d653e7b3b779d71ae7454e20dcc9b6bae903f33c269db9f2be41bda3f261"},
    {file = "rpds_py-2026.6.3-cp311-cp311-manylinux_2_17_ppc64le.manylinux2014_ppc64le.whl", hash = "sha256:e52655eaf81e32593abedaa4bfe33170c8cfedf3365ed9be6e11e07f148f0278"},
    {file = "rpds_py-2026.6.3-cp311-cp311-manylinux_2_17_s390x.manylinux2014_s390x.whl", hash = "sha256:dfcc8b909769d19db55c7cc9541eb64b9b774b1057ffffb4f1048070475bb9f9"},
    {file = "rpds_py-2026.6.3-cp311-cp311-manylinux_2_17_x86_64.manylinux2014_x86_64.whl", hash = "sha256:9c1255b302953c86a486b81d330d5ee1d5bd937691ce271b6be0ef0e299eaab7"},
    {file = "rpds_py-2026.6.3-cp311-cp311-manylinux_2_31_riscv64.whl", hash = "sha256:8d2294a31386bfa251d8c8a39472beee17db67d4f1a6eabea665d35c9a4461c3"},
    {file = "rpds_py-2026.6.3-cp311-cp311-manylinux_2_5_i686.manylinux1_i686.whl", hash = "sha256:f8f23ead891a3b762f35ab3b04623da7056545b48aa60d59957e6789914545da"},
    {file = "rpds_py-2026.6.3-cp311-cp311-musllinux_1_2_aarch64.whl", hash = "sha256:421aba32367055614287a4292b6a17f1939c9452299f7a0209c117e990b646d4"},
    {file = "rpds_py-2026.6.3-cp311-cp311-musllinux_1_2_i686.whl", hash = "sha256:1e5822dfc2f0d4ab7e745eaa6d85945069329beeccef965af3f3bb26058fcab6"},
    {file = "rpds_py-2026.6.3-cp311-cp311-musllinux_1_2_x86_64.whl", hash = "sha256:83e35b57523816c8613fd0776b40cd8bb9f596b37ddd2692eb4a6bb5ab2f8c93"},
    {file = "rpds_py-2026.6.3-cp311-cp311-win32.whl", hash = "sha256:de3eceba0b683bcbb1ab93da016d0270df1f9ae7be716b40214c5dafac6ea45a"},
    {file = "rpds_py-2026.6.3-cp311-cp311-win_amd64.whl", hash = "sha256:2c54a076ca4d370980ab57bc0e31df57bbe8d41340436a90ef8b1219a3cbb127"},
    {file = "rpds_py-2026.6.3-cp311-cp311-win_arm64.whl", hash = "sha256:168c733a7112e071bb7a66460e667edfcff06c017a3c523f7a8a8e08d0140804"},
    {file = "rpds_py-2026.6.3-cp312-cp312-macosx_10_12_x86_64.whl", hash = "sha256:a0811d33247c3d6128a3001d763f2aa056bb3425204335400ac54f89eec3a0d0"},
    {file = "rpds_py-2026.6.3-cp312-cp312-macosx_11_0_arm64.whl", hash = "sha256:538949e262e46caa31ac01bdb3c1e8f642622922cacbabbae6a8445d9dc33eaf"},
    {file = "rpds_py-2026.6.3-cp312-cp312-manylinux_2_17_aarch64.manylinux2014_aarch64.whl", hash = "sha256:55927d532399c2c646100ff7feb48eaa940ad70f42cd68e1328f3ded9f81ca24"},
    {file = "rpds_py-2026.6.3-cp312-cp312-manylinux_2_17_armv7l.manylinux2014_armv7l.whl", hash = "sha256:f56f1695bc5c0871cbc33dc0130fcf503aab0c57dcc5a6700a4f49eba4f2652e"},
    {file = "rpds_py-2026.6.3-cp312-cp312-manylinux_2_17_ppc64le.manylinux2014_ppc64le.whl", hash = "sha256:270b293dae9058fc9fcedab50f13cebf46fb8ed1d1d54e0521a9da5d6b211975"},
    {file = "rpds_py-2026.6.3-cp312-cp312-manylinux_2_17_s390x.manylinux2014_s390x.whl", hash = "sha256:127565fead0a10943b282957bd5447804ff3160ad79f2ad2635e6d249e380680"},
    {file = "rpds_py-2026.6.3-cp312-cp312-manylinux_2_17_x86_64.manylinux2014_x86_64.whl", hash = "sha256:ecabd69db66de867690f9797f2f8fa27ba501bbc24540cbdbdc649cd15888ba6"},
    {file = "rpds_py-2026.6.3-cp312-cp312-manylinux_2_31_riscv64.whl", hash = "sha256:58eadac9cd119677b60e1cf8ac4052f35949d71b8a9e5556efccbe82533cf22a"},
    {file = "rpds_py-2026.6.3-cp312-cp312-manylinux_2_5_i686.manylinux1_i686.whl", hash = "sha256:7491ee23305ac3eb59e492b6945881f5cd77a6f731061a3f25b77fd40f9e99a4"},
    {file = "rpds_py-2026.6.3-cp312-cp312-musllinux_1_2_aarch64.whl", hash = "sha256:2c99f7e8ccb3dd6e3e4bfeac657a7b208c9bac8075f4b078c02d7404c34107fa"},
    {file = "rpds_py-2026.6.3-cp312-cp312-musllinux_1_2_i686.whl", hash = "sha256:62698275682bf121181861295c9181e789030a2d516071f5b8f3c23c170cd0fc"},
    {file = "rpds_py-2026.6.3-cp312-cp312-musllinux_1_2_x86_64.whl", hash = "sha256:a214c993455f99a89aaeadc9b21241900037adc9d97203e374d75513c5911822"},
    {file = "rpds_py-2026.6.3-cp312-cp312-win32.whl", hash = "sha256:501f9f04a588d6a09179368c57071301445191767c64e4b52a6aa9871f1ef5ed"},
    {file = "rpds_py-2026.6.3-cp312-cp312-win_amd64.whl", hash = "sha256:2c958bf94822e9290a40aaf2a822d4bc5c88099093e3948ad6c571eca9272e5f"},
    {file = "rpds_py-2026.6.3-cp312-cp312-win_arm64.whl", hash = "sha256:22bffe6042b9bcb0822bcd1955ec00e245daf17b4344e4ed8e9551b976b63e96"},
    {file = "rpds_py-2026.6.3-cp313-cp313-macosx_10_12_x86_64.whl", hash = "sha256:3cfe765c1da0072636ca06628261e0ea05688e160d5c8a03e0217c3854037223"},
    {file = "rpds_py-2026.6.3-cp313-cp313-macosx_11_0_arm64.whl", hash = "sha256:f4d78253f6996be4901669ad25319f842f740eccf4d58e3c7f3dd39e6dde1d8f"},
    {file = "rpds_py-2026.6.3-cp313-cp313-manylinux_2_17_aarch64.manylinux2014_aarch64.whl", hash = "sha256:54f45a148e28767bf343d33a684693c70e451c6f4c0e9904709a723fafbdfc1f"},
    {file = "rpds_py-2026.6.3-cp313-cp313-manylinux_2_17_armv7l.manylinux2014_armv7l.whl", hash = "sha256:842e7b070435622248c7a2c44ae53fa1440e073cc3023bc919fed570884097a7"},
    {file = "rpds_py-2026.6.3-cp313-cp313-manylinux_2_17_ppc64le.manylinux2014_ppc64le.whl", hash = "sha256:8020133a74bd81b4572dd8e4be028a6b1ebcd70e6726edc3918008c08bee6ee6"},
    {file = "rpds_py-2026.6.3-cp313-cp313-manylinux_2_17_s390x.manylinux2014_s390x.whl", hash = "sha256:cdc7e35386f3847df728fbcb5e887e2d79c19e2fa1eba9e51b6621d23e3243af"},
    {file = "rpds_py-2026.6.3-cp313-cp313-manylinux_2_17_x86_64.manylinux2014_x86_64.whl", hash = "sha256:acac386b453c2516111b50985d60ce46e7fadb5ea71ae7b25f4c946935bf27cf"},
    {file = "rpds_py-2026.6.3-cp313-cp313-manylinux_2_31_riscv64.whl", hash = "sha256:425560c6fa0415f27261727bb20bd097568485e5eb0c121f1949417d1c516885"},
    {file = "rpds_py-2026.6.3-cp313-cp313-manylinux_2_5_i686.manylinux1_i686.whl", hash = "sha256:a550fb4950a06dde3beb4721f5ad4b25bf4513784665b0a8522c792e2bd822a4"},
    {file = "rpds_py-2026.6.3-cp313-cp313-musllinux_1_2_aarch64.whl", hash = "sha256:4f4bca01b63096f606e095734dd56e74e175f94cfbf24ff3d63281cec61f7bb7"},
    {file = "rpds_py-2026.6.3-cp313-cp313-musllinux_1_2_i686.whl", hash = "sha256:ccffae9a092a00deb7efd545fe5e2c33c33b88e7c054337e9a74c179347d0b7d"},
    {file = "rpds_py-2026.6.3-cp313-cp313-musllinux_1_2_x86_64.whl", hash = "sha256:1cf01971c4f2c5553b772a542e4aaf191789cd331bc2cd4ff0e6e65ba49e1e97"},
    {file = "rpds_py-2026.6.3-cp313-cp313-win32.whl", hash = "sha256:8c3d1e9c15b9d51ca0391e13da1a25a0a4df3c58a37c9dc368e0736cf7f69df0"},
    {file = "rpds_py-2026.6.3-cp313-cp313-win_amd64.whl", hash = "sha256:9250a9a0a6fd4648b3f868da8d91a4c52b5811a62df58e753d50ae4454a36f80"},
    {file = "rpds_py-2026.6.3-cp313-cp313-win_arm64.whl", hash = "sha256:900a67df3fd1660b035a4761c4ce73c382ea6b35f90f9863c36c6fd8bf8b09bb"},
    {file = "rpds_py-2026.6.3-cp314-cp314-macosx_10_12_x86_64.whl", hash = "sha256:931908d9fc855d8f74783377822be318edb6dcb19e47169dc038f9a1bf60b06e"},
    {file = "rpds_py-2026.6.3-cp314-cp314-macosx_11_0_arm64.whl", hash = "sha256:d7469697dce35be237db177d42e2a2ee26e6dcc5fc052078a6fefabd288c6edd"},
    {file = "rpds_py-2026.6.3-cp314-cp314-manylinux_2_17_aarch64.manylinux2014_aarch64.whl", hash = "sha256:bcfbcf66006befb9fd2aeaa9e01feaf881b4dc330a02ba07d2322b1c11be7b5d"},
    {file = "rpds_py-2026.6.3-cp314-cp314-manylinux_2_17_armv7l.manylinux2014_armv7l.whl", hash = "sha256:847927daf4cffbd4e90e42bc890069897101edd015f956cb8721b3473372edda"},
    {file = "rpds_py-2026.6.3-cp314-cp314-manylinux_2_17_ppc64le.manylinux2014_ppc64le.whl", hash = "sha256:aca6c1ef08a82bfe327cc156da694660f599923e2e6665b6d81c9c2d0ac9ffc8"},
    {file = "rpds_py-2026.6.3-cp314-cp314-manylinux_2_17_s390x.manylinux2014_s390x.whl", hash = "sha256:ae50181a047c871561212bb97f7932a2d45fb53e947bd9b57ebad85b529cbc53"},
    {file = "rpds_py-2026.6.3-cp314-cp314-manylinux_2_17_x86_64.manylinux2014_x86_64.whl", hash = "sha256:dc319e5a1de4b6913aac94bf6a2f9e847371e0a140a43dd4991db1a09bc2d504"},
    {file = "rpds_py-2026.6.3-cp314-cp314-manylinux_2_31_riscv64.whl", hash = "sha256:e4316bf32babbed84e691e352faf967ce2f0f024174a8643c37c94a1080374fc"},
    {file = "rpds_py-2026.6.3-cp314-cp314-manylinux_2_5_i686.manylinux1_i686.whl", hash = "sha256:8c6e5a2f750cc71c3e3b11d71661f21d6f9bc6cebc6564b1466417a1ec03ec77"},
    {file = "rpds_py-2026.6.3-cp314-cp314-musllinux_1_2_aarch64.whl", hash = "sha256:4470ce197d4090875cf6affbf1f853338387428df97c4fb7b7106317b8214698"},
    {file = "rpds_py-2026.6.3-cp314-cp314-musllinux_1_2_i686.whl", hash = "sha256:ea964164cc9afa72d4d9b23cc28dafae93693c0a53e0b42acbff15b22c3f9ddd"},
    {file = "rpds_py-2026.6.3-cp314-cp314-musllinux_1_2_x86_64.whl", hash = "sha256:639c8929aa0afe81be836b04de888460d6bed38b9c54cfc18da8f6bfabf5af5d"},
    {file = "rpds_py-2026.6.3-cp314-cp314-win32.whl", hash = "sha256:882076c00c0a608b131187055ddc5ae29f2e7eaf870d6168980420d58528a5c8"},
    {file = "rpds_py-2026.6.3-cp314-cp314-win_amd64.whl", hash = "sha256:0be972be84cfcaf46c8c6edf690ca0f154ac17babf1f6a955a51579b34ad2dc5"},
    {file = "rpds_py-2026.6.3-cp314-cp314-win_arm64.whl", hash = "sha256:2a9c6f195058cb45335e8cc3802745c603d716eb96bc9625950c1aac71c0c703"},
    {file = "rpds_py-2026.6.3-cp314-cp314t-macosx_10_12_x86_64.whl", hash = "sha256:f90938e92afda60266da758ee7d363447f7f0138c9559f9e1811629580582d90"},
    {file = "rpds_py-2026.6.3-cp314-cp314t-macosx_11_0_arm64.whl", hash = "sha256:ec829541c45bca16e61c7ae50c20501f213605beb75d1aba91a6ee37fbbb56a4"},
    {file = "rpds_py-2026.6.3-cp314-cp314t-manylinux_2_17_aarch64.manylinux2014_aarch64.whl", hash = "sha256:afd70d95892096cdb26f15a00c45907b17817577aa8d1c76b2dcc2788391f9e9"},
    {file = "rpds_py-2026.6.3-cp314-cp314t-manylinux_2_17_armv7l.manylinux2014_armv7l.whl", hash = "sha256:29dfa0533a5d4c94d4dfa1b694fcb56c9c63aad8330ffdd816fd225d0a7a162f"},
    {file = "rpds_py-2026.6.3-cp314-cp314t-manylinux_2_17_ppc64le.manylinux2014_ppc64le.whl", hash = "sha256:af05d726809bff6b141be124d4c7ce998f9c9c7f30edb1f46c07aa103d540b41"},
    {file = "rpds_py-2026.6.3-cp314-cp314t-manylinux_2_17_s390x.manylinux2014_s390x.whl", hash = "sha256:9826217f048f620d9a712672818bf231442c1b35d96b227a07eabd11b4bb6945"},
    {file = "rpds_py-2026.6.3-cp314-cp314t-manylinux_2_17_x86_64.manylinux2014_x86_64.whl", hash = "sha256:536bceea4fa4acf7e1c61da2b5786304367c816c8895be71b8f537c480b0ea1f"},
    {file = "rpds_py-2026.6.3-cp314-cp314t-manylinux_2_31_riscv64.whl", hash = "sha256:bc0011654b91cc4fb2ae701bec0a0ba1e552c0714247fa7af6c59e0ccfa3a4e1"},
    {file = "rpds_py-2026.6.3-cp314-cp314t-manylinux_2_5_i686.manylinux1_i686.whl", hash = "sha256:539d75de9e0d536c84ff18dfeb805398e58227001ce09231a26a08b9aed1ee0e"},
    {file = "rpds_py-2026.6.3-cp314-cp314t-musllinux_1_2_aarch64.whl", hash = "sha256:166cf54d9f44fc6ceb53c7860258dde44a81406646de79f8ed3234fca3b6e538"},
    {file = "rpds_py-2026.6.3-cp314-cp314t-musllinux_1_2_i686.whl", hash = "sha256:d34c20167764fbcf927194d532dd7e0c56772f0a5f943fa5ef9e9afbba8fb9db"},
    {file = "rpds_py-2026.6.3-cp314-cp314t-musllinux_1_2_x86_64.whl", hash = "sha256:ea7bb13b7c9a29791f87a0387ba7d3ad3a6d783d827e4d3f27b40a0ff44495e2"},
    {file = "rpds_py-2026.6.3-cp314-cp314t-win32.whl", hash = "sha256:6de4744d05bd1aa1be4ed7ea1189e3979196808008113bbbf899a460966b925e"},
    {file = "rpds_py-2026.6.3-cp314-cp314t-win_amd64.whl", hash = "sha256:c7b9a2f8f4d8e90af72571d3d495deebdd7e3c75451f5b41719aee166e940fc2"},
    {file = "rpds_py-2026.6.3-cp315-cp315-macosx_10_12_x86_64.whl", hash = "sha256:e059c5dde6452b44424bd1834557556c226b57781dee1227af23518459722b13"},
    {file = "rpds_py-2026.6.3-cp315-cp315-macosx_11_0_arm64.whl", hash = "sha256:2f7c26fbc5acd2522b95d4177fe4710ffd8e9b20529e703ffbf8db4d93903f05"},
    {file = "rpds_py-2026.6.3-cp315-cp315-manylinux_2_17_aarch64.manylinux2014_aarch64.whl", hash = "sha256:a3086b538543802f84c843911242db20447de00d8752dd0efc936dbcf02218ba"},
    {file = "rpds_py-2026.6.3-cp315-cp315-manylinux_2_17_armv7l.manylinux2014_armv7l.whl", hash = "sha256:8f2e5c5ee828d42cb11760761c0af6507927bec42d0ad5458f97c9203b054617"},
    {file = "rpds_py-2026.6.3-cp315-cp315-manylinux_2_17_ppc64le.manylinux2014_ppc64le.whl", hash = "sha256:ed0c1e5d10cdc7135537988c74a0188da68e2f3c30813ba3744ab1e42e0480f9"},
    {file = "rpds_py-2026.6.3-cp315-cp315-manylinux_2_17_s390x.manylinux2014_s390x.whl", hash = "sha256:8c2642a7603ec0b16ed77da4555db3b4b472341904873788327c0b0d7b95f1bb"},
    {file = "rpds_py-2026.6.3-cp315-cp315-manylinux_2_17_x86_64.manylinux2014_x86_64.whl", hash = "sha256:8e4320744c1ffdd95a603def63344bfab2d33edeab301c5007e7de9f9f5b3885"},
    {file = "rpds_py-2026.6.3-cp315-cp315-manylinux_2_31_riscv64.whl", hash = "sha256:a9f4645593036b81bbdb36b9c8e0ea0d1c3fee968c4d59db0344c14087ef143a"},
    {file = "rpds_py-2026.6.3-cp315-cp315-manylinux_2_5_i686.manylinux1_i686.whl", hash = "sha256:e55d236be29255554da47abe5c577637db7c24a02b8b46f0ca9524c855801868"},
    {file = "rpds_py-2026.6.3-cp315-cp315-musllinux_1_2_aarch64.whl", hash = "sha256:24e9c5386e16669b674a69c156c8eeefcb578f3b3397b713b08e6d60f3c7b187"},
    {file = "rpds_py-2026.6.3-cp315-cp315-musllinux_1_2_i686.whl", hash = "sha256:c60924535c75f1566b6eb75b5c31a48a43fef04fa2d0d201acbad8a9969c6107"},
    {file = "rpds_py-2026.6.3-cp315-cp315-musllinux_1_2_x86_64.whl", hash = "sha256:38a2fea2787428f811719ceb9114cb78964a3138838320c29ac39526c79c16ba"},
    {file = "rpds_py-2026.6.3-cp315-cp315-win32.whl", hash = "sha256:d483fe17f01ad64b7bf7cc38fcefff1ca9fb83f8c2b2542b68f97ffe0611b369"},
    {file = "rpds_py-2026.6.3-cp315-cp315-win_amd64.whl", hash = "sha256:67e3a721ffc5d8d2210d3671872298c4a84e4b8035cfe42ffd7cde35d772b146"},
    {file = "rpds_py-2026.6.3-cp315-cp315-win_arm64.whl", hash = "sha256:6e84adbcf4bf841aed8116a8264b9f50b4cb3e7bd89b516122e616ac56ca269e"},
    {file = "rpds_py-2026.6.3-cp315-cp315t-macosx_10_12_x86_64.whl", hash = "sha256:ae6dd8f10bd17aad820876d24caec9efdafd80a318d16c0a48edb5e136902c6b"},
    {file = "rpds_py-2026.6.3-cp315-cp315t-macosx_11_0_arm64.whl", hash = "sha256:bdbd97738551fca3917c1bd7188bec1920bb520104f28e7e1007f9ceb17b7690"},
    {file = "rpds_py-2026.6.3-cp315-cp315t-manylinux_2_17_aarch64.manylinux2014_aarch64.whl", hash = "sha256:8b95977e7211527ab0ba576e286d023389fbeeb32a6b7b771665d333c60e5342"},
    {file = "rpds_py-2026.6.3-cp315-cp315t-manylinux_2_17_armv7l.manylinux2014_armv7l.whl", hash = "sha256:d15fde0e6fb0d88a60d221204873743e5d9f0b7d29165e62cd86d0413ad74ba6"},
    {file = "rpds_py-2026.6.3-cp315-cp315t-manylinux_2_17_ppc64le.manylinux2014_ppc64le.whl", hash = "sha256:a136d453475ac0fcbda502ef1e6504bd28d6d904700915d278deeab0d00fe140"},
    {file = "rpds_py-2026.6.3-cp315-cp315t-manylinux_2_17_s390x.manylinux2014_s390x.whl", hash = "sha256:f826877d462181e5eb1c26a0026b8d0cab05d99844ecb6d8bf3627a2ca0c0442"},
    {file = "rpds_py-2026.6.3-cp315-cp315t-manylinux_2_17_x86_64.manylinux2014_x86_64.whl", hash = "sha256:79486287de1730dbaff3dbd124d0ca4d2ef7f9d29bf2544f1f93c09b5bcbbd12"},
    {file = "rpds_py-2026.6.3-cp315-cp315t-manylinux_2_31_riscv64.whl", hash = "sha256:808345f53cb952433ca2816f1604ff3515608a81784954f38d4452acfe8e61d5"},
    {file = "rpds_py-2026.6.3-cp315-cp315t-manylinux_2_5_i686.manylinux1_i686.whl", hash = "sha256:1967debc37f64f2c4dc90a7f563aec558b471966e12adcac4e1c4240496b6ebf"},
    {file = "rpds_py-2026.6.3-cp315-cp315t-musllinux_1_2_aarch64.whl", hash = "sha256:f0840b5b17057f7fd918b76183a4b5a0635f43e14eb2ce60dce1d4ee4707ea00"},
    {file = "rpds_py-2026.6.3-cp315-cp315t-musllinux_1_2_i686.whl", hash = "sha256:faa679d19a6696fd54259ad321251ad77a13e70e03dd834daa762a44fb6196ef"},
    {file = "rpds_py-2026.6.3-cp315-cp315t-musllinux_1_2_x86_64.whl", hash = "sha256:23a439f31ccbeff1574e24889128821d1f7917470e830cf6544dced1c662262a"},
    {file = "rpds_py-2026.6.3-cp315-cp315t-win32.whl", hash = "sha256:913ca42ccad3f8cc6e292b587ae8ae49c8c823e5dce51a736252fc7c7cdfa577"},
    {file = "rpds_py-2026.6.3-cp315-cp315t-win_amd64.whl", hash = "sha256:ae3d4fe8c0b9213624fdce7279d70e3b148b682ca20719ebd193a23ebfa47324"},
    {file = "rpds_py-2026.6.3-pp311-pypy311_pp73-macosx_10_12_x86_64.whl", hash = "sha256:4cf2d36a2357e4d07bb5a4f98801265327b48256867816cfd2ceb001e9754a8f"},
    {file = "rpds_py-2026.6.3-pp311-pypy311_pp73-macosx_11_0_arm64.whl", hash = "sha256:30c6dc199b24a5e3e81d50da0f00858c5bbdb2617a750395687f4339c5818171"},
    {file = "rpds_py-2026.6.3-pp311-pypy311_pp73-manylinux_2_17_aarch64.manylinux2014_aarch64.whl", hash = "sha256:9891e594296ab9dada6551c8e7b387b2721f27a67eecd528412e8906247a7b90"},
    {file = "rpds_py-2026.6.3-pp311-pypy311_pp73-manylinux_2_17_armv7l.manylinux2014_armv7l.whl", hash = "sha256:b5c2dc92304aa48a4a60443b548bb12f12e119d4b72f314015e67b9e1be97fca"},
    {file = "rpds_py-2026.6.3-pp311-pypy311_pp73-manylinux_2_17_ppc64le.manylinux2014_ppc64le.whl", hash = "sha256:127e08c0642d880cf32ca47ec2a4a77b901f7e2dd1ad9762adb13955d72ffcc9"},
    {file = "rpds_py-2026.6.3-pp311-pypy311_pp73-manylinux_2_17_s390x.manylinux2014_s390x.whl", hash = "sha256:8bb68f03f395eb793220b45c097bd4d8c32944393da0fad8b999efac0868fc8c"},
    {file = "rpds_py-2026.6.3-pp311-pypy311_pp73-manylinux_2_17_x86_64.manylinux2014_x86_64.whl", hash = "sha256:a3450b693fde92133e9f51060568a4c31fcca76d5e53bbd611e689ca446517e9"},
    {file = "rpds_py-2026.6.3-pp311-pypy311_pp73-manylinux_2_31_riscv64.whl", hash = "sha256:5e8d07bddee435a2ff6f1920e18feff28d0bc4533e42f4bf6927fbd073312c41"},
    {file = "rpds_py-2026.6.3-pp311-pypy311_pp73-manylinux_2_5_i686.manylinux1_i686.whl", hash = "sha256:3a83ae6c67b7676b9878378547ca8e93ed77a580037bcbcd1d32f739e1e6089c"},
    {file = "rpds_py-2026.6.3-pp311-pypy311_pp73-musllinux_1_2_aarch64.whl", hash = "sha256:2bfd04c19ddbd6640de0b51894d764bd2758854d5b75bd102d2ef10cb9c293a9"},
    {file = "rpds_py-2026.6.3-pp311-pypy311_pp73-musllinux_1_2_i686.whl", hash = "sha256:ca6546b66be9dc4738b1b043d5ebd5488c66c578c5ff0fd0e8065313fe3afb76"},
    {file = "rpds_py-2026.6.3-pp311-pypy311_pp73-musllinux_1_2_x86_64.whl", hash = "sha256:8e65860d238379ed982fd9ba690579b5e95af2f4840f99c772816dbe573cb826"},
    {file = "rpds_py-2026.6.3.tar.gz", hash = "sha256:1cebd1337c242e4ec2293e541f712b2da849b29f48f0c293684b71c0632625d4"},
]

[[package]]
name = "tomli"
version = "1.2.3"
description = "A lil' TOML parser"
optional = false
python-versions = ">=3.6"
groups = ["dev"]
files = [
    {file = "tomli-1.2.3-py3-none-any.whl", hash = "sha256:e3069e4be3ead9668e21cb9b074cd948f7b3113fd9c8bba083f48247aab8b11c"},
    {file = "tomli-1.2.3.tar.gz", hash = "sha256:05b6166bff487dc068d322585c7ea4ef78deed501cc124060e0f238e89a9231f"},
]

[[package]]
name = "typing-extensions"
version = "4.16.0"
description = "Backported and Experimental Type Hints for Python 3.9+"
optional = false
python-versions = ">=3.9"
groups = ["main"]
markers = "python_version < \"3.13\""
files = [
    {file = "typing_extensions-4.16.0-py3-none-any.whl", hash = "sha256:481caa481374e813c1b176ada14e97f1f67a4539ce9cfeb3f350d78d6370c2e8"},
    {file = "typing_extensions-4.16.0.tar.gz", hash = "sha256:dc983d19a509c94dba722ee6abd33940f7c05a89e243c47e907eb4db6f1a43e5"},
]

[metadata]
lock-version = "2.1"
python-versions = ">=3.11.0,<4.0"
content-hash = "749616fe5c46f1a460b5822340fd71dc67332bded084eba17855ec12d3c2214c"
